
Microsoft Visual Studio Solution File, Format Version 12.00
# Visual Studio Version 17
VisualStudioVersion = 17.10.35013.160
MinimumVisualStudioVersion = 10.0.40219.1
Project("{9A19103F-16F7-4668-BE54-9A1E7A4F7556}") = "ExpandedLogs", "ExpandedLogs\ExpandedLogs\ExpandedLogs.csproj", "{8C86B771-9E41-4B4A-98E5-36C61608C8F4}"
EndProject
Project("{9A19103F-16F7-4668-BE54-9A1E7A4F7556}") = "CakeBuild", "ExpandedLogs\ZZCakeBuild\CakeBuild.csproj", "{7E3C2668-E5D8-4857-850E-223B3B11C063}"
EndProject
Global
	GlobalSection(SolutionConfigurationPlatforms) = preSolution
		Debug|Any CPU = Debug|Any CPU
		Release|Any CPU = Release|Any CPU
	EndGlobalSection
	GlobalSection(ProjectConfigurationPlatforms) = postSolution
		{8C86B771-9E41-4B4A-98E5-36C61608C8F4}.Debug|Any CPU.ActiveCfg = Debug|Any CPU
		{8C86B771-9E41-4B4A-98E5-36C61608C8F4}.Debug|Any CPU.Build.0 = Debug|Any CPU
		{8C86B771-9E41-4B4A-98E5-36C61608C8F4}.Release|Any CPU.ActiveCfg = Release|Any CPU
		{8C86B771-9E41-4B4A-98E5-36C61608C8F4}.Release|Any CPU.Build.0 = Release|Any CPU
		{7E3C2668-E5D8-4857-850E-223B3B11C063}.Debug|Any CPU.ActiveCfg = Debug|Any CPU
		{7E3C2668-E5D8-4857-850E-223B3B11C063}.Debug|Any CPU.Build.0 = Debug|Any CPU
		{7E3C2668-E5D8-4857-850E-223B3B11C063}.Release|Any CPU.ActiveCfg = Release|Any CPU
		{7E3C2668-E5D8-4857-850E-223B3B11C063}.Release|Any CPU.Build.0 = Release|Any CPU
	EndGlobalSection
	GlobalSection(SolutionProperties) = preSolution
		HideSolutionNode = FALSE
	EndGlobalSection
	GlobalSection(ExtensibilityGlobals) = postSolution
		SolutionGuid = {544AD22D-6447-40FD-B197-0307D6CBF5E4}
	EndGlobalSection
EndGlobal
